
Microsoft Visual Studio Solution File, Format Version 12.00
# Visual Studio Version 16
VisualStudioVersion = 16.0.30804.86
MinimumVisualStudioVersion = 10.0.40219.1
Project("{FAE04EC0-301F-11D3-BF4B-00C04F79EFBC}") = "Dynamic", "Dynamic\Dynamic.csproj", "{6C5851B5-2198-4810-ABF0-17538671FA86}"
EndProject
Global
	GlobalSection(SolutionConfigurationPlatforms) = preSolution
		Debug|Any CPU = Debug|Any CPU
		Release|Any CPU = Release|Any CPU
	EndGlobalSection
	GlobalSection(ProjectConfigurationPlatforms) = postSolution
		{6C5851B5-2198-4810-ABF0-17538671FA86}.Debug|Any CPU.ActiveCfg = Debug|Any CPU
		{6C5851B5-2198-4810-ABF0-17538671FA86}.Debug|Any CPU.Build.0 = Debug|Any CPU
		{6C5851B5-2198-4810-ABF0-17538671FA86}.Release|Any CPU.ActiveCfg = Release|Any CPU
		{6C5851B5-2198-4810-ABF0-17538671FA86}.Release|Any CPU.Build.0 = Release|Any CPU
	EndGlobalSection
	GlobalSection(SolutionProperties) = preSolution
		HideSolutionNode = FALSE
	EndGlobalSection
	GlobalSection(ExtensibilityGlobals) = postSolution
		SolutionGuid = {F048ED81-DBE9-47FC-85B1-10F875692BA1}
	EndGlobalSection
EndGlobal
